
Microsoft Visual Studio Solution File, Format Version 12.00
# Visual Studio Version 17
VisualStudioVersion = 17.3.32804.467
MinimumVisualStudioVersion = 10.0.40219.1
Project("{FAE04EC0-301F-11D3-BF4B-00C04F79EFBC}") = "ZLCBotCore", "ZLCBotCore\ZLCBotCore.csproj", "{8DA7C25E-D064-4DED-B8EF-3420860E4524}"
EndProject
Global
	GlobalSection(SolutionConfigurationPlatforms) = preSolution
		Debug|Any CPU = Debug|Any CPU
		Release|Any CPU = Release|Any CPU
	EndGlobalSection
	GlobalSection(ProjectConfigurationPlatforms) = postSolution
		{8DA7C25E-D064-4DED-B8EF-3420860E4524}.Debug|Any CPU.ActiveCfg = Debug|Any CPU
		{8DA7C25E-D064-4DED-B8EF-3420860E4524}.Debug|Any CPU.Build.0 = Debug|Any CPU
		{8DA7C25E-D064-4DED-B8EF-3420860E4524}.Release|Any CPU.ActiveCfg = Release|Any CPU
		{8DA7C25E-D064-4DED-B8EF-3420860E4524}.Release|Any CPU.Build.0 = Release|Any CPU
	EndGlobalSection
	GlobalSection(SolutionProperties) = preSolution
		HideSolutionNode = FALSE
	EndGlobalSection
	GlobalSection(ExtensibilityGlobals) = postSolution
		SolutionGuid = {4D741BD8-A1F8-47CE-84B9-242C9D0AB66D}
	EndGlobalSection
EndGlobal
